insecure-defaults | cfe5d7b1619e47fb5b38b7e2561dad7e5f1e89af | 0331f419e1476c769a5c97b5bba500c1a96cbe8fd7982588ebb1d0e97ea0f5d7
nielsen-heuristics-audit | fbdde8adb5645dd3ab8531200a651c9112472b2b | 71844f4edc8debff4f0492bc8c0cc170e6fdee661b741de788d79879bd5c8b53
sharp-edges | cfe5d7b1619e47fb5b38b7e2561dad7e5f1e89af | 091c1ddd5d5157aa60ceb6ec6804e6dcec0e638e0572f0616d480e1e71a4d08a
static-analysis | cfe5d7b1619e47fb5b38b7e2561dad7e5f1e89af | ded0d353fec6ab23792b36ed79988170f761264abd17f6d0a2a7cb46f5827667
ui-test | d919e311d6ce8d8b3daa5f33853e67e43a545b9a | 12bf651e31320c37f403937110079a1dc5852f493043040b90cf7d191d9bbe89
ux-audit-rethink | fbdde8adb5645dd3ab8531200a651c9112472b2b | e5d198a263e5f84e9f0fd82395ad2534f0ceeafdfc8b0f10cb6910fc31c6eb0d
wcag-accessibility-audit | fbdde8adb5645dd3ab8531200a651c9112472b2b | cbf979fc158b304ff52ab126441127d885e6cb1742bb1ade9f54155086399bcd
